
Microsoft Visual Studio Solution File, Format Version 12.00
# Visual Studio 15
VisualStudioVersion = 15.0.27130.2020
MinimumVisualStudioVersion = 10.0.40219.1
Project("{FAE04EC0-301F-11D3-BF4B-00C04F79EFBC}") = "MachineLearning", "MachineLearning\MachineLearning.csproj", "{E25757D9-3CC6-4CC6-80F0-9DECD0FD9EC8}"
EndProject
Global
	GlobalSection(SolutionConfigurationPlatforms) = preSolution
		Debug|Any CPU = Debug|Any CPU
		Release|Any CPU = Release|Any CPU
	EndGlobalSection
	GlobalSection(ProjectConfigurationPlatforms) = postSolution
		{E25757D9-3CC6-4CC6-80F0-9DECD0FD9EC8}.Debug|Any CPU.ActiveCfg = Debug|Any CPU
		{E25757D9-3CC6-4CC6-80F0-9DECD0FD9EC8}.Debug|Any CPU.Build.0 = Debug|Any CPU
		{E25757D9-3CC6-4CC6-80F0-9DECD0FD9EC8}.Release|Any CPU.ActiveCfg = Release|Any CPU
		{E25757D9-3CC6-4CC6-80F0-9DECD0FD9EC8}.Release|Any CPU.Build.0 = Release|Any CPU
	EndGlobalSection
	GlobalSection(SolutionProperties) = preSolution
		HideSolutionNode = FALSE
	EndGlobalSection
	GlobalSection(ExtensibilityGlobals) = postSolution
		SolutionGuid = {F7D40206-0BA0-4D16-8F6F-949EAC87BDDD}
	EndGlobalSection
EndGlobal
